
Microsoft Visual Studio Solution File, Format Version 12.00
# Visual Studio 15
VisualStudioVersion = 15.0.27004.2008
MinimumVisualStudioVersion = 10.0.40219.1
Project("{FAE04EC0-301F-11D3-BF4B-00C04F79EFBC}") = "Program", "Program\Program.csproj", "{8ECEB7D0-7552-45CD-9EEF-83A80E6B802A}"
EndProject
Global
	GlobalSection(SolutionConfigurationPlatforms) = preSolution
		Debug|Any CPU = Debug|Any CPU
		Release|Any CPU = Release|Any CPU
	EndGlobalSection
	GlobalSection(ProjectConfigurationPlatforms) = postSolution
		{8ECEB7D0-7552-45CD-9EEF-83A80E6B802A}.Debug|Any CPU.ActiveCfg = Debug|Any CPU
		{8ECEB7D0-7552-45CD-9EEF-83A80E6B802A}.Debug|Any CPU.Build.0 = Debug|Any CPU
		{8ECEB7D0-7552-45CD-9EEF-83A80E6B802A}.Release|Any CPU.ActiveCfg = Release|Any CPU
		{8ECEB7D0-7552-45CD-9EEF-83A80E6B802A}.Release|Any CPU.Build.0 = Release|Any CPU
	EndGlobalSection
	GlobalSection(SolutionProperties) = preSolution
		HideSolutionNode = FALSE
	EndGlobalSection
	GlobalSection(ExtensibilityGlobals) = postSolution
		SolutionGuid = {87AAE2CA-8F45-423A-9105-4053332A1DAE}
	EndGlobalSection
EndGlobal
